// !$*UTF8*$!
{
	archiveVersion = 1;
	classes = {
	};
	objectVersion = 50;
	objects = {

/* Begin PBXBuildFile section */
		9EB2C29424AEAA9D0041C88B /* MemoryGame.swift in Sources */ = {isa = PBXBuildFile; fileRef = 9EB2C29324AEAA9D0041C88B /* MemoryGame.swift */; };
		9EB2C29624AEB2630041C88B /* EmojiMemoryGame.swift in Sources */ = {isa = PBXBuildFile; fileRef = 9EB2C29524AEB2630041C88B /* EmojiMemoryGame.swift */; };
		9EBE7BC924AC16180008627A /* AppDelegate.swift in Sources */ = {isa = PBXBuildFile; fileRef = 9EBE7BC824AC16180008627A /* AppDelegate.swift */; };
		9EBE7BCB24AC16180008627A /* SceneDelegate.swift in Sources */ = {isa = PBXBuildFile; fileRef = 9EBE7BCA24AC16180008627A /* SceneDelegate.swift */; };
		9EBE7BCD24AC16180008627A /* EmojiMemoryGameView.swift in Sources */ = {isa = PBXBuildFile; fileRef = 9EBE7BCC24AC16180008627A /* EmojiMemoryGameView.swift */; };
		9EBE7BCF24AC16220008627A /* Assets.xcassets in Resources */ = {isa = PBXBuildFile; fileRef = 9EBE7BCE24AC16220008627A /* Assets.xcassets */; };
		9EBE7BD224AC16220008627A /* Preview Assets.xcassets in Resources */ = {isa = PBXBuildFile; fileRef = 9EBE7BD124AC16220008627A /* Preview Assets.xcassets */; };
		9EBE7BD524AC16220008627A /* LaunchScreen.storyboard in Resources */ = {isa = PBXBuildFile; fileRef = 9EBE7BD324AC16220008627A /* LaunchScreen.storyboard */; };
		9ECD9B6124BE2C8C00E3992C /* Grid.swift in Sources */ = {isa = PBXBuildFile; fileRef = 9ECD9B6024BE2C8C00E3992C /* Grid.swift */; };
		9ECD9B6324BE384600E3992C /* GridLayout.swift in Sources */ = {isa = PBXBuildFile; fileRef = 9ECD9B6224BE384600E3992C /* GridLayout.swift */; };
/* End PBXBuildFile section */

/* Begin PBXFileReference section */
		9EB2C29324AEAA9D0041C88B /* MemoryGame.swift */ = {isa = PBXFileReference; lastKnownFileType = sourcecode.swift; path = MemoryGame.swift; sourceTree = SOURCE_ROOT; };
		9EB2C29524AEB2630041C88B /* EmojiMemoryGame.swift */ = {isa = PBXFileReference; lastKnownFileType = sourcecode.swift; path = EmojiMemoryGame.swift; sourceTree = "<group>"; };
		9EBE7BC524AC16180008627A /* Memorize.app */ = {isa = PBXFileReference; explicitFileType = wrapper.application; includeInIndex = 0; path = Memorize.app; sourceTree = BUILT_PRODUCTS_DIR; };
		9EBE7BC824AC16180008627A /* AppDelegate.swift */ = {isa = PBXFileReference; lastKnownFileType = sourcecode.swift; path = AppDelegate.swift; sourceTree = "<group>"; };
		9EBE7BCA24AC16180008627A /* SceneDelegate.swift */ = {isa = PBXFileReference; lastKnownFileType = sourcecode.swift; path = SceneDelegate.swift; sourceTree = "<group>"; };
		9EBE7BCC24AC16180008627A /* EmojiMemoryGameView.swift */ = {isa = PBXFileReference; lastKnownFileType = sourcecode.swift; path = EmojiMemoryGameView.swift; sourceTree = "<group>"; };
		9EBE7BCE24AC16220008627A /* Assets.xcassets */ = {isa = PBXFileReference; lastKnownFileType = folder.assetcatalog; path = Assets.xcassets; sourceTree = "<group>"; };
		9EBE7BD124AC16220008627A /* Preview Assets.xcassets */ = {isa = PBXFileReference; lastKnownFileType = folder.assetcatalog; path = "Preview Assets.xcassets"; sourceTree = "<group>"; };
		9EBE7BD424AC16220008627A /* Base */ = {isa = PBXFileReference; lastKnownFileType = file.storyboard; name = Base; path = Base.lproj/LaunchScreen.storyboard; sourceTree = "<group>"; };
		9EBE7BD624AC16220008627A /* Info.plist */ = {isa = PBXFileReference; lastKnownFileType = text.plist.xml; path = Info.plist; sourceTree = "<group>"; };
		9ECD9B6024BE2C8C00E3992C /* Grid.swift */ = {isa = PBXFileReference; lastKnownFileType = sourcecode.swift; path = Grid.swift; sourceTree = "<group>"; };
		9ECD9B6224BE384600E3992C /* GridLayout.swift */ = {isa = PBXFileReference; fileEncoding = 4; lastKnownFileType = sourcecode.swift; path = GridLayout.swift; sourceTree = "<group>"; };
/* End PBXFileReference section */

/* Begin PBXFrameworksBuildPhase section */
		9EBE7BC224AC16180008627A /* Frameworks */ = {
			isa = PBXFrameworksBuildPhase;
			buildActionMask = 2147483647;
			files = (
			);
			runOnlyForDeploymentPostprocessing = 0;
		};
/* End PBXFrameworksBuildPhase section */

/* Begin PBXGroup section */
		9EBE7BBC24AC16170008627A = {
			isa = PBXGroup;
			children = (
				9EBE7BC724AC16180008627A /* Memorize */,
				9EBE7BC624AC16180008627A /* Products */,
			);
			sourceTree = "<group>";
		};
		9EBE7BC624AC16180008627A /* Products */ = {
			isa = PBXGroup;
			children = (
				9EBE7BC524AC16180008627A /* Memorize.app */,
			);
			name = Products;
			sourceTree = "<group>";
		};
		9EBE7BC724AC16180008627A /* Memorize */ = {
			isa = PBXGroup;
			children = (
				9EBE7BC824AC16180008627A /* AppDelegate.swift */,
				9EBE7BCA24AC16180008627A /* SceneDelegate.swift */,
				9EBE7BCC24AC16180008627A /* EmojiMemoryGameView.swift */,
				9ECD9B6024BE2C8C00E3992C /* Grid.swift */,
				9ECD9B6224BE384600E3992C /* GridLayout.swift */,
				9EB2C29524AEB2630041C88B /* EmojiMemoryGame.swift */,
				9EB2C29324AEAA9D0041C88B /* MemoryGame.swift */,
				9EBE7BCE24AC16220008627A /* Assets.xcassets */,
				9EBE7BD324AC16220008627A /* LaunchScreen.storyboard */,
				9EBE7BD624AC16220008627A /* Info.plist */,
				9EBE7BD024AC16220008627A /* Preview Content */,
			);
			path = Memorize;
			sourceTree = "<group>";
		};
		9EBE7BD024AC16220008627A /* Preview Content */ = {
			isa = PBXGroup;
			children = (
				9EBE7BD124AC16220008627A /* Preview Assets.xcassets */,
			);
			path = "Preview Content";
			sourceTree = "<group>";
		};
/* End PBXGroup section */

/* Begin PBXNativeTarget section */
		9EBE7BC424AC16180008627A /* Memorize */ = {
			isa = PBXNativeTarget;
			buildConfigurationList = 9EBE7BD924AC16220008627A /* Build configuration list for PBXNativeTarget "Memorize" */;
			buildPhases = (
				9EBE7BC124AC16180008627A /* Sources */,
				9EBE7BC224AC16180008627A /* Frameworks */,
				9EBE7BC324AC16180008627A /* Resources */,
			);
			buildRules = (
			);
			dependencies = (
			);
			name = Memorize;
			productName = Memorize;
			productReference = 9EBE7BC524AC16180008627A /* Memorize.app */;
			productType = "com.apple.product-type.application";
		};
/* End PBXNativeTarget section */

/* Begin PBXProject section */
		9EBE7BBD24AC16180008627A /* Project object */ = {
			isa = PBXProject;
			attributes = {
				LastSwiftUpdateCheck = 1150;
				LastUpgradeCheck = 1150;
				ORGANIZATIONNAME = "Matin Massoudi";
				TargetAttributes = {
					9EBE7BC424AC16180008627A = {
						CreatedOnToolsVersion = 11.5;
					};
				};
			};
			buildConfigurationList = 9EBE7BC024AC16180008627A /* Build configuration list for PBXProject "Memorize" */;
			compatibilityVersion = "Xcode 9.3";
			developmentRegion = en;
			hasScannedForEncodings = 0;
			knownRegions = (
				en,
				Base,
			);
			mainGroup = 9EBE7BBC24AC16170008627A;
			productRefGroup = 9EBE7BC624AC16180008627A /* Products */;
			projectDirPath = "";
			projectRoot = "";
			targets = (
				9EBE7BC424AC16180008627A /* Memorize */,
			);
		};
/* End PBXProject section */

/* Begin PBXResourcesBuildPhase section */
		9EBE7BC324AC16180008627A /* Resources */ = {
			isa = PBXResourcesBuildPhase;
			buildActionMask = 2147483647;
			files = (
				9EBE7BD524AC16220008627A /* LaunchScreen.storyboard in Resources */,
				9EBE7BD224AC16220008627A /* Preview Assets.xcassets in Resources */,
				9EBE7BCF24AC16220008627A /* Assets.xcassets in Resources */,
			);
			runOnlyForDeploymentPostprocessing = 0;
		};
/* End PBXResourcesBuildPhase section */

/* Begin PBXSourcesBuildPhase section */
		9EBE7BC124AC16180008627A /* Sources */ = {
			isa = PBXSourcesBuildPhase;
			buildActionMask = 2147483647;
			files = (
				9EBE7BC924AC16180008627A /* AppDelegate.swift in Sources */,
				9EBE7BCB24AC16180008627A /* SceneDelegate.swift in Sources */,
				9EB2C29424AEAA9D0041C88B /* MemoryGame.swift in Sources */,
				9EBE7BCD24AC16180008627A /* EmojiMemoryGameView.swift in Sources */,
				9EB2C29624AEB2630041C88B /* EmojiMemoryGame.swift in Sources */,
				9ECD9B6324BE384600E3992C /* GridLayout.swift in Sources */,
				9ECD9B6124BE2C8C00E3992C /* Grid.swift in Sources */,
			);
			runOnlyForDeploymentPostprocessing = 0;
		};
/* End PBXSourcesBuildPhase section */

/* Begin PBXVariantGroup section */
		9EBE7BD324AC16220008627A /* LaunchScreen.storyboard */ = {
			isa = PBXVariantGroup;
			children = (
				9EBE7BD424AC16220008627A /* Base */,
			);
			name = LaunchScreen.storyboard;
			sourceTree = "<group>";
		};
/* End PBXVariantGroup section */

/* Begin XCBuildConfiguration section */
		9EBE7BD724AC16220008627A /* Debug */ = {
			isa = XCBuildConfiguration;
			buildSettings = {
				ALWAYS_SEARCH_USER_PATHS = NO;
				CLANG_ANALYZER_NONNULL = YES;
				CLANG_ANALYZER_NUMBER_OBJECT_CONVERSION = YES_AGGRESSIVE;
				CLANG_CXX_LANGUAGE_STANDARD = "gnu++14";
				CLANG_CXX_LIBRARY = "libc++";
				CLANG_ENABLE_MODULES = YES;
				CLANG_ENABLE_OBJC_ARC = YES;
				CLANG_ENABLE_OBJC_WEAK = YES;
				CLANG_WARN_BLOCK_CAPTURE_AUTORELEASING = YES;
				CLANG_WARN_BOOL_CONVERSION = YES;
				CLANG_WARN_COMMA = YES;
				CLANG_WARN_CONSTANT_CONVERSION = YES;
				CLANG_WARN_DEPRECATED_OBJC_IMPLEMENTATIONS = YES;
				CLANG_WARN_DIRECT_OBJC_ISA_USAGE = YES_ERROR;
				CLANG_WARN_DOCUMENTATION_COMMENTS = YES;
				CLANG_WARN_EMPTY_BODY = YES;
				CLANG_WARN_ENUM_CONVERSION = YES;
				CLANG_WARN_INFINITE_RECURSION = YES;
				CLANG_WARN_INT_CONVERSION = YES;
				CLANG_WARN_NON_LITERAL_NULL_CONVERSION = YES;
				CLANG_WARN_OBJC_IMPLICIT_RETAIN_SELF = YES;
				CLANG_WARN_OBJC_LITERAL_CONVERSION = YES;
				CLANG_WARN_OBJC_ROOT_CLASS = YES_ERROR;
				CLANG_WARN_RANGE_LOOP_ANALYSIS = YES;
				CLANG_WARN_STRICT_PROTOTYPES = YES;
				CLANG_WARN_SUSPICIOUS_MOVE = YES;
				CLANG_WARN_UNGUARDED_AVAILABILITY = YES_AGGRESSIVE;
				CLANG_WARN_UNREACHABLE_CODE = YES;
				CLANG_WARN__DUPLICATE_METHOD_MATCH = YES;
				COPY_PHASE_STRIP = NO;
				DEBUG_INFORMATION_FORMAT = dwarf;
				ENABLE_STRICT_OBJC_MSGSEND = YES;
				ENABLE_TESTABILITY = YES;
				GCC_C_LANGUAGE_STANDARD = gnu11;
				GCC_DYNAMIC_NO_PIC = NO;
				GCC_NO_COMMON_BLOCKS = YES;
				GCC_OPTIMIZATION_LEVEL = 0;
				GCC_PREPROCESSOR_DEFINITIONS = (
					"DEBUG=1",
					"$(inherited)",
				);
				GCC_WARN_64_TO_32_BIT_CONVERSION = YES;
				GCC_WARN_ABOUT_RETURN_TYPE = YES_ERROR;
				GCC_WARN_UNDECLARED_SELECTOR = YES;
				GCC_WARN_UNINITIALIZED_AUTOS = YES_AGGRESSIVE;
				GCC_WARN_UNUSED_FUNCTION = YES;
				GCC_WARN_UNUSED_VARIABLE = YES;
				IPHONEOS_DEPLOYMENT_TARGET = 13.5;
				MTL_ENABLE_DEBUG_INFO = INCLUDE_SOURCE;
				MTL_FAST_MATH = YES;
				ONLY_ACTIVE_ARCH = YES;
				SDKROOT = iphoneos;
				SWIFT_ACTIVE_COMPILATION_CONDITIONS = DEBUG;
				SWIFT_OPTIMIZATION_LEVEL = "-Onone";
			};
			name = Debug;
		};
		9EBE7BD824AC16220008627A /* Release */ = {
			isa = XCBuildConfiguration;
			buildSettings = {
				ALWAYS_SEARCH_USER_PATHS = NO;
				CLANG_ANALYZER_NONNULL = YES;
				CLANG_ANALYZER_NUMBER_OBJECT_CONVERSION = YES_AGGRESSIVE;
				CLANG_CXX_LANGUAGE_STANDARD = "gnu++14";
				CLANG_CXX_LIBRARY = "libc++";
				CLANG_ENABLE_MODULES = YES;
				CLANG_ENABLE_OBJC_ARC = YES;
				CLANG_ENABLE_OBJC_WEAK = YES;
				CLANG_WARN_BLOCK_CAPTURE_AUTORELEASING = YES;
				CLANG_WARN_BOOL_CONVERSION = YES;
				CLANG_WARN_COMMA = YES;
				CLANG_WARN_CONSTANT_CONVERSION = YES;
				CLANG_WARN_DEPRECATED_OBJC_IMPLEMENTATIONS = YES;
				CLANG_WARN_DIRECT_OBJC_ISA_USAGE = YES_ERROR;
				CLANG_WARN_DOCUMENTATION_COMMENTS = YES;
				CLANG_WARN_EMPTY_BODY = YES;
				CLANG_WARN_ENUM_CONVERSION = YES;
				CLANG_WARN_INFINITE_RECURSION = YES;
				CLANG_WARN_INT_CONVERSION = YES;
				CLANG_WARN_NON_LITERAL_NULL_CONVERSION = YES;
				CLANG_WARN_OBJC_IMPLICIT_RETAIN_SELF = YES;
				CLANG_WARN_OBJC_LITERAL_CONVERSION = YES;
				CLANG_WARN_OBJC_ROOT_CLASS = YES_ERROR;
				CLANG_WARN_RANGE_LOOP_ANALYSIS = YES;
				CLANG_WARN_STRICT_PROTOTYPES = YES;
				CLANG_WARN_SUSPICIOUS_MOVE = YES;
				CLANG_WARN_UNGUARDED_AVAILABILITY = YES_AGGRESSIVE;
				CLANG_WARN_UNREACHABLE_CODE = YES;
				CLANG_WARN__DUPLICATE_METHOD_MATCH = YES;
				COPY_PHASE_STRIP = NO;
				DEBUG_INFORMATION_FORMAT = "dwarf-with-dsym";
				ENABLE_NS_ASSERTIONS = NO;
				ENABLE_STRICT_OBJC_MSGSEND = YES;
				GCC_C_LANGUAGE_STANDARD = gnu11;
				GCC_NO_COMMON_BLOCKS = YES;
				GCC_WARN_64_TO_32_BIT_CONVERSION = YES;
				GCC_WARN_ABOUT_RETURN_TYPE = YES_ERROR;
				GCC_WARN_UNDECLARED_SELECTOR = YES;
				GCC_WARN_UNINITIALIZED_AUTOS = YES_AGGRESSIVE;
				GCC_WARN_UNUSED_FUNCTION = YES;
				GCC_WARN_UNUSED_VARIABLE = YES;
				IPHONEOS_DEPLOYMENT_TARGET = 13.5;
				MTL_ENABLE_DEBUG_INFO = NO;
				MTL_FAST_MATH = YES;
				SDKROOT = iphoneos;
				SWIFT_COMPILATION_MODE = wholemodule;
				SWIFT_OPTIMIZATION_LEVEL = "-O";
				VALIDATE_PRODUCT = YES;
			};
			name = Release;
		};
		9EBE7BDA24AC16220008627A /* Debug */ = {
			isa = XCBuildConfiguration;
			buildSettings = {
				ASSETCATALOG_COMPILER_APPICON_NAME = AppIcon;
				CODE_SIGN_STYLE = Automatic;
				DEVELOPMENT_ASSET_PATHS = "\"Memorize/Preview Content\"";
				DEVELOPMENT_TEAM = 5PG7K5W5TW;
				ENABLE_PREVIEWS = YES;
				INFOPLIST_FILE = Memorize/Info.plist;
				LD_RUNPATH_SEARCH_PATHS = (
					"$(inherited)",
					"@executable_path/Frameworks",
				);
				PRODUCT_BUNDLE_IDENTIFIER = MM.Memorize;
				PRODUCT_NAME = "$(TARGET_NAME)";
				SWIFT_VERSION = 5.0;
				TARGETED_DEVICE_FAMILY = "1,2";
			};
			name = Debug;
		};
		9EBE7BDB24AC16220008627A /* Release */ = {
			isa = XCBuildConfiguration;
			buildSettings = {
				ASSETCATALOG_COMPILER_APPICON_NAME = AppIcon;
				CODE_SIGN_STYLE = Automatic;
				DEVELOPMENT_ASSET_PATHS = "\"Memorize/Preview Content\"";
				DEVELOPMENT_TEAM = 5PG7K5W5TW;
				ENABLE_PREVIEWS = YES;
				INFOPLIST_FILE = Memorize/Info.plist;
				LD_RUNPATH_SEARCH_PATHS = (
					"$(inherited)",
					"@executable_path/Frameworks",
				);
				PRODUCT_BUNDLE_IDENTIFIER = MM.Memorize;
				PRODUCT_NAME = "$(TARGET_NAME)";
				SWIFT_VERSION = 5.0;
				TARGETED_DEVICE_FAMILY = "1,2";
			};
			name = Release;
		};
/* End XCBuildConfiguration section */

/* Begin XCConfigurationList section */
		9EBE7BC024AC16180008627A /* Build configuration list for PBXProject "Memorize" */ = {
			isa = XCConfigurationList;
			buildConfigurations = (
				9EBE7BD724AC16220008627A /* Debug */,
				9EBE7BD824AC16220008627A /* Release */,
			);
			defaultConfigurationIsVisible = 0;
			defaultConfigurationName = Release;
		};
		9EBE7BD924AC16220008627A /* Build configuration list for PBXNativeTarget "Memorize" */ = {
			isa = XCConfigurationList;
			buildConfigurations = (
				9EBE7BDA24AC16220008627A /* Debug */,
				9EBE7BDB24AC16220008627A /* Release */,
			);
			defaultConfigurationIsVisible = 0;
			defaultConfigurationName = Release;
		};
/* End XCConfigurationList section */
	};
	rootObject = 9EBE7BBD24AC16180008627A /* Project object */;
}
